
Microsoft Visual Studio Solution File, Format Version 12.00
# Visual Studio Version 17
VisualStudioVersion = 17.9.34607.119
MinimumVisualStudioVersion = 10.0.40219.1
Project("{FAE04EC0-301F-11D3-BF4B-00C04F79EFBC}") = "CRM_Auth", "CRM_Auth\CRM_Auth.csproj", "{54AE84E5-572F-4772-8632-A08A8A904CDD}"
EndProject
Project("{FAE04EC0-301F-11D3-BF4B-00C04F79EFBC}") = "CRM_Auth.Domain", "CRM_Auth.Domain\CRM_Auth.Domain.csproj", "{E20E3249-CD85-40A6-A2DD-FA569EBA74CE}"
EndProject
Project("{FAE04EC0-301F-11D3-BF4B-00C04F79EFBC}") = "CRM_Auth.Infractructure", "CRM_Auth.Infractructure\CRM_Auth.Infractructure.csproj", "{C066432B-7296-447E-95E4-6A7F10A7A99A}"
EndProject
Project("{FAE04EC0-301F-11D3-BF4B-00C04F79EFBC}") = "CRM_Auth.Application", "CRM_Auth.Application\CRM_Auth.Application.csproj", "{950792D2-9677-41A7-B557-DF6454F7D9C4}"
EndProject
Global
	GlobalSection(SolutionConfigurationPlatforms) = preSolution
		Debug|Any CPU = Debug|Any CPU
		Release|Any CPU = Release|Any CPU
	EndGlobalSection
	GlobalSection(ProjectConfigurationPlatforms) = postSolution
		{54AE84E5-572F-4772-8632-A08A8A904CDD}.Debug|Any CPU.ActiveCfg = Debug|Any CPU
		{54AE84E5-572F-4772-8632-A08A8A904CDD}.Debug|Any CPU.Build.0 = Debug|Any CPU
		{54AE84E5-572F-4772-8632-A08A8A904CDD}.Release|Any CPU.ActiveCfg = Release|Any CPU
		{54AE84E5-572F-4772-8632-A08A8A904CDD}.Release|Any CPU.Build.0 = Release|Any CPU
		{E20E3249-CD85-40A6-A2DD-FA569EBA74CE}.Debug|Any CPU.ActiveCfg = Debug|Any CPU
		{E20E3249-CD85-40A6-A2DD-FA569EBA74CE}.Debug|Any CPU.Build.0 = Debug|Any CPU
		{E20E3249-CD85-40A6-A2DD-FA569EBA74CE}.Release|Any CPU.ActiveCfg = Release|Any CPU
		{E20E3249-CD85-40A6-A2DD-FA569EBA74CE}.Release|Any CPU.Build.0 = Release|Any CPU
		{C066432B-7296-447E-95E4-6A7F10A7A99A}.Debug|Any CPU.ActiveCfg = Debug|Any CPU
		{C066432B-7296-447E-95E4-6A7F10A7A99A}.Debug|Any CPU.Build.0 = Debug|Any CPU
		{C066432B-7296-447E-95E4-6A7F10A7A99A}.Release|Any CPU.ActiveCfg = Release|Any CPU
		{C066432B-7296-447E-95E4-6A7F10A7A99A}.Release|Any CPU.Build.0 = Release|Any CPU
		{950792D2-9677-41A7-B557-DF6454F7D9C4}.Debug|Any CPU.ActiveCfg = Debug|Any CPU
		{950792D2-9677-41A7-B557-DF6454F7D9C4}.Debug|Any CPU.Build.0 = Debug|Any CPU
		{950792D2-9677-41A7-B557-DF6454F7D9C4}.Release|Any CPU.ActiveCfg = Release|Any CPU
		{950792D2-9677-41A7-B557-DF6454F7D9C4}.Release|Any CPU.Build.0 = Release|Any CPU
	EndGlobalSection
	GlobalSection(SolutionProperties) = preSolution
		HideSolutionNode = FALSE
	EndGlobalSection
	GlobalSection(ExtensibilityGlobals) = postSolution
		SolutionGuid = {44869FBC-83B8-4BBC-BE79-6E9A3B4F7CB9}
	EndGlobalSection
EndGlobal
